
Microsoft Visual Studio Solution File, Format Version 12.00
# Visual Studio Version 16
VisualStudioVersion = 16.0.31205.134
MinimumVisualStudioVersion = 10.0.40219.1
Project("{9A19103F-16F7-4668-BE54-9A1E7A4F7556}") = "EdmondsKarpAlgorithm", "EdmondsKarpAlgorithm\EdmondsKarpAlgorithm.csproj", "{169B1FC6-528D-448B-8E42-519735FB2927}"
EndProject
Project("{9A19103F-16F7-4668-BE54-9A1E7A4F7556}") = "EdmondsKarpAlgorithmTests", "EdmondsKarpAlgorithmTests\EdmondsKarpAlgorithmTests.csproj", "{CE57E03A-DEB2-4322-A097-98676DB64D84}"
EndProject
Project("{FAE04EC0-301F-11D3-BF4B-00C04F79EFBC}") = "RBTREE", "RBTREE\RBTREE.csproj", "{B029A98C-9274-4EFD-95E0-1E56666FB2C8}"
EndProject
Global
	GlobalSection(SolutionConfigurationPlatforms) = preSolution
		Debug|Any CPU = Debug|Any CPU
		Release|Any CPU = Release|Any CPU
	EndGlobalSection
	GlobalSection(ProjectConfigurationPlatforms) = postSolution
		{169B1FC6-528D-448B-8E42-519735FB2927}.Debug|Any CPU.ActiveCfg = Debug|Any CPU
		{169B1FC6-528D-448B-8E42-519735FB2927}.Debug|Any CPU.Build.0 = Debug|Any CPU
		{169B1FC6-528D-448B-8E42-519735FB2927}.Release|Any CPU.ActiveCfg = Release|Any CPU
		{169B1FC6-528D-448B-8E42-519735FB2927}.Release|Any CPU.Build.0 = Release|Any CPU
		{CE57E03A-DEB2-4322-A097-98676DB64D84}.Debug|Any CPU.ActiveCfg = Debug|Any CPU
		{CE57E03A-DEB2-4322-A097-98676DB64D84}.Debug|Any CPU.Build.0 = Debug|Any CPU
		{CE57E03A-DEB2-4322-A097-98676DB64D84}.Release|Any CPU.ActiveCfg = Release|Any CPU
		{CE57E03A-DEB2-4322-A097-98676DB64D84}.Release|Any CPU.Build.0 = Release|Any CPU
		{B029A98C-9274-4EFD-95E0-1E56666FB2C8}.Debug|Any CPU.ActiveCfg = Debug|Any CPU
		{B029A98C-9274-4EFD-95E0-1E56666FB2C8}.Debug|Any CPU.Build.0 = Debug|Any CPU
		{B029A98C-9274-4EFD-95E0-1E56666FB2C8}.Release|Any CPU.ActiveCfg = Release|Any CPU
		{B029A98C-9274-4EFD-95E0-1E56666FB2C8}.Release|Any CPU.Build.0 = Release|Any CPU
	EndGlobalSection
	GlobalSection(SolutionProperties) = preSolution
		HideSolutionNode = FALSE
	EndGlobalSection
	GlobalSection(ExtensibilityGlobals) = postSolution
		SolutionGuid = {4B795BE1-EB96-4F35-86CD-C6BA3620AF88}
	EndGlobalSection
EndGlobal
